// !$*UTF8*$!
{
	archiveVersion = 1;
	classes = {
	};
	objectVersion = 50;
	objects = {

/* Begin PBXBuildFile section */
		28744DF624F685F4007B1407 /* AppDelegate.swift in Sources */ = {isa = PBXBuildFile; fileRef = 28744DF524F685F4007B1407 /* AppDelegate.swift */; };
		28744DF824F685F4007B1407 /* SceneDelegate.swift in Sources */ = {isa = PBXBuildFile; fileRef = 28744DF724F685F4007B1407 /* SceneDelegate.swift */; };
		28744DFA24F685F4007B1407 /* ViewController.swift in Sources */ = {isa = PBXBuildFile; fileRef = 28744DF924F685F4007B1407 /* ViewController.swift */; };
		28744DFD24F685F4007B1407 /* Main.storyboard in Resources */ = {isa = PBXBuildFile; fileRef = 28744DFB24F685F4007B1407 /* Main.storyboard */; };
		28744E0024F685F4007B1407 /* Appstreet_Assignment.xcdatamodeld in Sources */ = {isa = PBXBuildFile; fileRef = 28744DFE24F685F4007B1407 /* Appstreet_Assignment.xcdatamodeld */; };
		28744E0224F685F9007B1407 /* Assets.xcassets in Resources */ = {isa = PBXBuildFile; fileRef = 28744E0124F685F9007B1407 /* Assets.xcassets */; };
		28744E0524F685F9007B1407 /* LaunchScreen.storyboard in Resources */ = {isa = PBXBuildFile; fileRef = 28744E0324F685F9007B1407 /* LaunchScreen.storyboard */; };
/* End PBXBuildFile section */

/* Begin PBXFileReference section */
		28744DF224F685F4007B1407 /* Appstreet Assignment.app */ = {isa = PBXFileReference; explicitFileType = wrapper.application; includeInIndex = 0; path = "Appstreet Assignment.app"; sourceTree = BUILT_PRODUCTS_DIR; };
		28744DF524F685F4007B1407 /* AppDelegate.swift */ = {isa = PBXFileReference; lastKnownFileType = sourcecode.swift; path = AppDelegate.swift; sourceTree = "<group>"; };
		28744DF724F685F4007B1407 /* SceneDelegate.swift */ = {isa = PBXFileReference; lastKnownFileType = sourcecode.swift; path = SceneDelegate.swift; sourceTree = "<group>"; };
		28744DF924F685F4007B1407 /* ViewController.swift */ = {isa = PBXFileReference; lastKnownFileType = sourcecode.swift; path = ViewController.swift; sourceTree = "<group>"; };
		28744DFC24F685F4007B1407 /* Base */ = {isa = PBXFileReference; lastKnownFileType = file.storyboard; name = Base; path = Base.lproj/Main.storyboard; sourceTree = "<group>"; };
		28744DFF24F685F4007B1407 /* Appstreet_Assignment.xcdatamodel */ = {isa = PBXFileReference; lastKnownFileType = wrapper.xcdatamodel; path = Appstreet_Assignment.xcdatamodel; sourceTree = "<group>"; };
		28744E0124F685F9007B1407 /* Assets.xcassets */ = {isa = PBXFileReference; lastKnownFileType = folder.assetcatalog; path = Assets.xcassets; sourceTree = "<group>"; };
		28744E0424F685F9007B1407 /* Base */ = {isa = PBXFileReference; lastKnownFileType = file.storyboard; name = Base; path = Base.lproj/LaunchScreen.storyboard; sourceTree = "<group>"; };
		28744E0624F685F9007B1407 /* Info.plist */ = {isa = PBXFileReference; lastKnownFileType = text.plist.xml; path = Info.plist; sourceTree = "<group>"; };
/* End PBXFileReference section */

/* Begin PBXFrameworksBuildPhase section */
		28744DEF24F685F4007B1407 /* Frameworks */ = {
			isa = PBXFrameworksBuildPhase;
			buildActionMask = 2147483647;
			files = (
			);
			runOnlyForDeploymentPostprocessing = 0;
		};
/* End PBXFrameworksBuildPhase section */

/* Begin PBXGroup section */
		28744DE924F685F4007B1407 = {
			isa = PBXGroup;
			children = (
				28744DF424F685F4007B1407 /* Appstreet Assignment */,
				28744DF324F685F4007B1407 /* Products */,
			);
			sourceTree = "<group>";
		};
		28744DF324F685F4007B1407 /* Products */ = {
			isa = PBXGroup;
			children = (
				28744DF224F685F4007B1407 /* Appstreet Assignment.app */,
			);
			name = Products;
			sourceTree = "<group>";
		};
		28744DF424F685F4007B1407 /* Appstreet Assignment */ = {
			isa = PBXGroup;
			children = (
				28744DF524F685F4007B1407 /* AppDelegate.swift */,
				28744DF724F685F4007B1407 /* SceneDelegate.swift */,
				28744DF924F685F4007B1407 /* ViewController.swift */,
				28744DFB24F685F4007B1407 /* Main.storyboard */,
				28744E0124F685F9007B1407 /* Assets.xcassets */,
				28744E0324F685F9007B1407 /* LaunchScreen.storyboard */,
				28744E0624F685F9007B1407 /* Info.plist */,
				28744DFE24F685F4007B1407 /* Appstreet_Assignment.xcdatamodeld */,
			);
			path = "Appstreet Assignment";
			sourceTree = "<group>";
		};
/* End PBXGroup section */

/* Begin PBXNativeTarget section */
		28744DF124F685F4007B1407 /* Appstreet Assignment */ = {
			isa = PBXNativeTarget;
			buildConfigurationList = 28744E0924F685F9007B1407 /* Build configuration list for PBXNativeTarget "Appstreet Assignment" */;
			buildPhases = (
				28744DEE24F685F4007B1407 /* Sources */,
				28744DEF24F685F4007B1407 /* Frameworks */,
				28744DF024F685F4007B1407 /* Resources */,
			);
			buildRules = (
			);
			dependencies = (
			);
			name = "Appstreet Assignment";
			productName = "Appstreet Assignment";
			productReference = 28744DF224F685F4007B1407 /* Appstreet Assignment.app */;
			productType = "com.apple.product-type.application";
		};
/* End PBXNativeTarget section */

/* Begin PBXProject section */
		28744DEA24F685F4007B1407 /* Project object */ = {
			isa = PBXProject;
			attributes = {
				LastSwiftUpdateCheck = 1150;
				LastUpgradeCheck = 1150;
				ORGANIZATIONNAME = abc;
				TargetAttributes = {
					28744DF124F685F4007B1407 = {
						CreatedOnToolsVersion = 11.5;
					};
				};
			};
			buildConfigurationList = 28744DED24F685F4007B1407 /* Build configuration list for PBXProject "Appstreet Assignment" */;
			compatibilityVersion = "Xcode 9.3";
			developmentRegion = en;
			hasScannedForEncodings = 0;
			knownRegions = (
				en,
				Base,
			);
			mainGroup = 28744DE924F685F4007B1407;
			productRefGroup = 28744DF324F685F4007B1407 /* Products */;
			projectDirPath = "";
			projectRoot = "";
			targets = (
				28744DF124F685F4007B1407 /* Appstreet Assignment */,
			);
		};
/* End PBXProject section */

/* Begin PBXResourcesBuildPhase section */
		28744DF024F685F4007B1407 /* Resources */ = {
			isa = PBXResourcesBuildPhase;
			buildActionMask = 2147483647;
			files = (
				28744E0524F685F9007B1407 /* LaunchScreen.storyboard in Resources */,
				28744E0224F685F9007B1407 /* Assets.xcassets in Resources */,
				28744DFD24F685F4007B1407 /* Main.storyboard in Resources */,
			);
			runOnlyForDeploymentPostprocessing = 0;
		};
/* End PBXResourcesBuildPhase section */

/* Begin PBXSourcesBuildPhase section */
		28744DEE24F685F4007B1407 /* Sources */ = {
			isa = PBXSourcesBuildPhase;
			buildActionMask = 2147483647;
			files = (
				28744DFA24F685F4007B1407 /* ViewController.swift in Sources */,
				28744DF624F685F4007B1407 /* AppDelegate.swift in Sources */,
				28744DF824F685F4007B1407 /* SceneDelegate.swift in Sources */,
				28744E0024F685F4007B1407 /* Appstreet_Assignment.xcdatamodeld in Sources */,
			);
			runOnlyForDeploymentPostprocessing = 0;
		};
/* End PBXSourcesBuildPhase section */

/* Begin PBXVariantGroup section */
		28744DFB24F685F4007B1407 /* Main.storyboard */ = {
			isa = PBXVariantGroup;
			children = (
				28744DFC24F685F4007B1407 /* Base */,
			);
			name = Main.storyboard;
			sourceTree = "<group>";
		};
		28744E0324F685F9007B1407 /* LaunchScreen.storyboard */ = {
			isa = PBXVariantGroup;
			children = (
				28744E0424F685F9007B1407 /* Base */,
			);
			name = LaunchScreen.storyboard;
			sourceTree = "<group>";
		};
/* End PBXVariantGroup section */

/* Begin XCBuildConfiguration section */
		28744E0724F685F9007B1407 /* Debug */ = {
			isa = XCBuildConfiguration;
			buildSettings = {
				ALWAYS_SEARCH_USER_PATHS = NO;
				CLANG_ANALYZER_NONNULL = YES;
				CLANG_ANALYZER_NUMBER_OBJECT_CONVERSION = YES_AGGRESSIVE;
				CLANG_CXX_LANGUAGE_STANDARD = "gnu++14";
				CLANG_CXX_LIBRARY = "libc++";
				CLANG_ENABLE_MODULES = YES;
				CLANG_ENABLE_OBJC_ARC = YES;
				CLANG_ENABLE_OBJC_WEAK = YES;
				CLANG_WARN_BLOCK_CAPTURE_AUTORELEASING = YES;
				CLANG_WARN_BOOL_CONVERSION = YES;
				CLANG_WARN_COMMA = YES;
				CLANG_WARN_CONSTANT_CONVERSION = YES;
				CLANG_WARN_DEPRECATED_OBJC_IMPLEMENTATIONS = YES;
				CLANG_WARN_DIRECT_OBJC_ISA_USAGE = YES_ERROR;
				CLANG_WARN_DOCUMENTATION_COMMENTS = YES;
				CLANG_WARN_EMPTY_BODY = YES;
				CLANG_WARN_ENUM_CONVERSION = YES;
				CLANG_WARN_INFINITE_RECURSION = YES;
				CLANG_WARN_INT_CONVERSION = YES;
				CLANG_WARN_NON_LITERAL_NULL_CONVERSION = YES;
				CLANG_WARN_OBJC_IMPLICIT_RETAIN_SELF = YES;
				CLANG_WARN_OBJC_LITERAL_CONVERSION = YES;
				CLANG_WARN_OBJC_ROOT_CLASS = YES_ERROR;
				CLANG_WARN_RANGE_LOOP_ANALYSIS = YES;
				CLANG_WARN_STRICT_PROTOTYPES = YES;
				CLANG_WARN_SUSPICIOUS_MOVE = YES;
				CLANG_WARN_UNGUARDED_AVAILABILITY = YES_AGGRESSIVE;
				CLANG_WARN_UNREACHABLE_CODE = YES;
				CLANG_WARN__DUPLICATE_METHOD_MATCH = YES;
				COPY_PHASE_STRIP = NO;
				DEBUG_INFORMATION_FORMAT = dwarf;
				ENABLE_STRICT_OBJC_MSGSEND = YES;
				ENABLE_TESTABILITY = YES;
				GCC_C_LANGUAGE_STANDARD = gnu11;
				GCC_DYNAMIC_NO_PIC = NO;
				GCC_NO_COMMON_BLOCKS = YES;
				GCC_OPTIMIZATION_LEVEL = 0;
				GCC_PREPROCESSOR_DEFINITIONS = (
					"DEBUG=1",
					"$(inherited)",
				);
				GCC_WARN_64_TO_32_BIT_CONVERSION = YES;
				GCC_WARN_ABOUT_RETURN_TYPE = YES_ERROR;
				GCC_WARN_UNDECLARED_SELECTOR = YES;
				GCC_WARN_UNINITIALIZED_AUTOS = YES_AGGRESSIVE;
				GCC_WARN_UNUSED_FUNCTION = YES;
				GCC_WARN_UNUSED_VARIABLE = YES;
				IPHONEOS_DEPLOYMENT_TARGET = 13.5;
				MTL_ENABLE_DEBUG_INFO = INCLUDE_SOURCE;
				MTL_FAST_MATH = YES;
				ONLY_ACTIVE_ARCH = YES;
				SDKROOT = iphoneos;
				SWIFT_ACTIVE_COMPILATION_CONDITIONS = DEBUG;
				SWIFT_OPTIMIZATION_LEVEL = "-Onone";
			};
			name = Debug;
		};
		28744E0824F685F9007B1407 /* Release */ = {
			isa = XCBuildConfiguration;
			buildSettings = {
				ALWAYS_SEARCH_USER_PATHS = NO;
				CLANG_ANALYZER_NONNULL = YES;
				CLANG_ANALYZER_NUMBER_OBJECT_CONVERSION = YES_AGGRESSIVE;
				CLANG_CXX_LANGUAGE_STANDARD = "gnu++14";
				CLANG_CXX_LIBRARY = "libc++";
				CLANG_ENABLE_MODULES = YES;
				CLANG_ENABLE_OBJC_ARC = YES;
				CLANG_ENABLE_OBJC_WEAK = YES;
				CLANG_WARN_BLOCK_CAPTURE_AUTORELEASING = YES;
				CLANG_WARN_BOOL_CONVERSION = YES;
				CLANG_WARN_COMMA = YES;
				CLANG_WARN_CONSTANT_CONVERSION = YES;
				CLANG_WARN_DEPRECATED_OBJC_IMPLEMENTATIONS = YES;
				CLANG_WARN_DIRECT_OBJC_ISA_USAGE = YES_ERROR;
				CLANG_WARN_DOCUMENTATION_COMMENTS = YES;
				CLANG_WARN_EMPTY_BODY = YES;
				CLANG_WARN_ENUM_CONVERSION = YES;
				CLANG_WARN_INFINITE_RECURSION = YES;
				CLANG_WARN_INT_CONVERSION = YES;
				CLANG_WARN_NON_LITERAL_NULL_CONVERSION = YES;
				CLANG_WARN_OBJC_IMPLICIT_RETAIN_SELF = YES;
				CLANG_WARN_OBJC_LITERAL_CONVERSION = YES;
				CLANG_WARN_OBJC_ROOT_CLASS = YES_ERROR;
				CLANG_WARN_RANGE_LOOP_ANALYSIS = YES;
				CLANG_WARN_STRICT_PROTOTYPES = YES;
				CLANG_WARN_SUSPICIOUS_MOVE = YES;
				CLANG_WARN_UNGUARDED_AVAILABILITY = YES_AGGRESSIVE;
				CLANG_WARN_UNREACHABLE_CODE = YES;
				CLANG_WARN__DUPLICATE_METHOD_MATCH = YES;
				COPY_PHASE_STRIP = NO;
				DEBUG_INFORMATION_FORMAT = "dwarf-with-dsym";
				ENABLE_NS_ASSERTIONS = NO;
				ENABLE_STRICT_OBJC_MSGSEND = YES;
				GCC_C_LANGUAGE_STANDARD = gnu11;
				GCC_NO_COMMON_BLOCKS = YES;
				GCC_WARN_64_TO_32_BIT_CONVERSION = YES;
				GCC_WARN_ABOUT_RETURN_TYPE = YES_ERROR;
				GCC_WARN_UNDECLARED_SELECTOR = YES;
				GCC_WARN_UNINITIALIZED_AUTOS = YES_AGGRESSIVE;
				GCC_WARN_UNUSED_FUNCTION = YES;
				GCC_WARN_UNUSED_VARIABLE = YES;
				IPHONEOS_DEPLOYMENT_TARGET = 13.5;
				MTL_ENABLE_DEBUG_INFO = NO;
				MTL_FAST_MATH = YES;
				SDKROOT = iphoneos;
				SWIFT_COMPILATION_MODE = wholemodule;
				SWIFT_OPTIMIZATION_LEVEL = "-O";
				VALIDATE_PRODUCT = YES;
			};
			name = Release;
		};
		28744E0A24F685F9007B1407 /* Debug */ = {
			isa = XCBuildConfiguration;
			buildSettings = {
				ASSETCATALOG_COMPILER_APPICON_NAME = AppIcon;
				CODE_SIGN_STYLE = Automatic;
				DEVELOPMENT_TEAM = 4RUC3KDVC4;
				INFOPLIST_FILE = "Appstreet Assignment/Info.plist";
				LD_RUNPATH_SEARCH_PATHS = (
					"$(inherited)",
					"@executable_path/Frameworks",
				);
				PRODUCT_BUNDLE_IDENTIFIER = "com.abc.Appstreet-Assignment";
				PRODUCT_NAME = "$(TARGET_NAME)";
				SWIFT_VERSION = 5.0;
				TARGETED_DEVICE_FAMILY = "1,2";
			};
			name = Debug;
		};
		28744E0B24F685F9007B1407 /* Release */ = {
			isa = XCBuildConfiguration;
			buildSettings = {
				ASSETCATALOG_COMPILER_APPICON_NAME = AppIcon;
				CODE_SIGN_STYLE = Automatic;
				DEVELOPMENT_TEAM = 4RUC3KDVC4;
				INFOPLIST_FILE = "Appstreet Assignment/Info.plist";
				LD_RUNPATH_SEARCH_PATHS = (
					"$(inherited)",
					"@executable_path/Frameworks",
				);
				PRODUCT_BUNDLE_IDENTIFIER = "com.abc.Appstreet-Assignment";
				PRODUCT_NAME = "$(TARGET_NAME)";
				SWIFT_VERSION = 5.0;
				TARGETED_DEVICE_FAMILY = "1,2";
			};
			name = Release;
		};
/* End XCBuildConfiguration section */

/* Begin XCConfigurationList section */
		28744DED24F685F4007B1407 /* Build configuration list for PBXProject "Appstreet Assignment" */ = {
			isa = XCConfigurationList;
			buildConfigurations = (
				28744E0724F685F9007B1407 /* Debug */,
				28744E0824F685F9007B1407 /* Release */,
			);
			defaultConfigurationIsVisible = 0;
			defaultConfigurationName = Release;
		};
		28744E0924F685F9007B1407 /* Build configuration list for PBXNativeTarget "Appstreet Assignment" */ = {
			isa = XCConfigurationList;
			buildConfigurations = (
				28744E0A24F685F9007B1407 /* Debug */,
				28744E0B24F685F9007B1407 /* Release */,
			);
			defaultConfigurationIsVisible = 0;
			defaultConfigurationName = Release;
		};
/* End XCConfigurationList section */

/* Begin XCVersionGroup section */
		28744DFE24F685F4007B1407 /* Appstreet_Assignment.xcdatamodeld */ = {
			isa = XCVersionGroup;
			children = (
				28744DFF24F685F4007B1407 /* Appstreet_Assignment.xcdatamodel */,
			);
			currentVersion = 28744DFF24F685F4007B1407 /* Appstreet_Assignment.xcdatamodel */;
			path = Appstreet_Assignment.xcdatamodeld;
			sourceTree = "<group>";
			versionGroupType = wrapper.xcdatamodel;
		};
/* End XCVersionGroup section */
	};
	rootObject = 28744DEA24F685F4007B1407 /* Project object */;
}
